github.com/kljensen/snowball v0.8.0 h1:WU4cExxK6sNW33AiGdbn4e8RvloHrhkAssu2mVJ11kg=
github.com/kljensen/snowball v0.8.0/go.mod h1:OGo5gFWjaeXqCu4iIrMl5OYip9XUJHGOU5eSkPjVg2A=
github.com/mattn/go-sqlite3 v1.14.18 h1:JL0eqdCOq6DJVNPSvArO/bIV9/P7fbGrV00LZHc+5aI=
github.com/mattn/go-sqlite3 v1.14.18/go.mod h1:2eHXhiwb8IkHr+BDWZGa96P6+rkvnG63S2DGjv9HUNg=
github.com/neurosnap/sentences v1.1.2 h1:iphYOzx/XckXeBiLIUBkPu2EKMJ+6jDbz/sLJZ7ZoUw=
github.com/neurosnap/sentences v1.1.2/go.mod h1:/pwU4E9XNL21ygMIkOIllv/SMy2ujHwpf8GQPu1YPbQ=
golang.org/x/net v0.15.0 h1:ugBLEUaxABaB5AJqW9enI0ACdci2RUd4eP51NTBvuJ8=
golang.org/x/net v0.15.0/go.mod h1:idbUs1IY1+zTqbi8yxTbhexhEEk5ur9LInksu6HrEpk=
